
Microsoft Visual Studio Solution File, Format Version 12.00
# Visual Studio 2013
VisualStudioVersion = 12.0.40629.0
MinimumVisualStudioVersion = 10.0.40219.1
Project("{FAE04EC0-301F-11D3-BF4B-00C04F79EFBC}") = "cmssync", "cmssync.csproj", "{3956ED5D-9FA1-458E-B927-DB6C7392AEA7}"
EndProject
Project("{8BC9CEB8-8B4A-11D0-8D11-00A0C91BC942}") = "ccmapi2", "..\ccmapi2\testCCM.vcxproj", "{58B1BEFE-EB61-409D-A923-032EBF6BE7FA}"
EndProject
Global
	GlobalSection(SolutionConfigurationPlatforms) = preSolution
		Debug Unicode|Any CPU = Debug Unicode|Any CPU
		Debug Unicode|Mixed Platforms = Debug Unicode|Mixed Platforms
		Debug Unicode|Win32 = Debug Unicode|Win32
		Debug|Any CPU = Debug|Any CPU
		Debug|Mixed Platforms = Debug|Mixed Platforms
		Debug|Win32 = Debug|Win32
		Release Unicode|Any CPU = Release Unicode|Any CPU
		Release Unicode|Mixed Platforms = Release Unicode|Mixed Platforms
		Release Unicode|Win32 = Release Unicode|Win32
		Release|Any CPU = Release|Any CPU
		Release|Mixed Platforms = Release|Mixed Platforms
		Release|Win32 = Release|Win32
	EndGlobalSection
	GlobalSection(ProjectConfigurationPlatforms) = postSolution
		{3956ED5D-9FA1-458E-B927-DB6C7392AEA7}.Debug Unicode|Any CPU.ActiveCfg = Debug|Any CPU
		{3956ED5D-9FA1-458E-B927-DB6C7392AEA7}.Debug Unicode|Any CPU.Build.0 = Debug|Any CPU
		{3956ED5D-9FA1-458E-B927-DB6C7392AEA7}.Debug Unicode|Mixed Platforms.ActiveCfg = Debug|Any CPU
		{3956ED5D-9FA1-458E-B927-DB6C7392AEA7}.Debug Unicode|Mixed Platforms.Build.0 = Debug|Any CPU
		{3956ED5D-9FA1-458E-B927-DB6C7392AEA7}.Debug Unicode|Win32.ActiveCfg = Debug|Any CPU
		{3956ED5D-9FA1-458E-B927-DB6C7392AEA7}.Debug|Any CPU.ActiveCfg = Debug|Any CPU
		{3956ED5D-9FA1-458E-B927-DB6C7392AEA7}.Debug|Any CPU.Build.0 = Debug|Any CPU
		{3956ED5D-9FA1-458E-B927-DB6C7392AEA7}.Debug|Mixed Platforms.ActiveCfg = Debug|Any CPU
		{3956ED5D-9FA1-458E-B927-DB6C7392AEA7}.Debug|Mixed Platforms.Build.0 = Debug|Any CPU
		{3956ED5D-9FA1-458E-B927-DB6C7392AEA7}.Debug|Win32.ActiveCfg = Debug|Any CPU
		{3956ED5D-9FA1-458E-B927-DB6C7392AEA7}.Release Unicode|Any CPU.ActiveCfg = Release|Any CPU
		{3956ED5D-9FA1-458E-B927-DB6C7392AEA7}.Release Unicode|Any CPU.Build.0 = Release|Any CPU
		{3956ED5D-9FA1-458E-B927-DB6C7392AEA7}.Release Unicode|Mixed Platforms.ActiveCfg = Release|Any CPU
		{3956ED5D-9FA1-458E-B927-DB6C7392AEA7}.Release Unicode|Mixed Platforms.Build.0 = Release|Any CPU
		{3956ED5D-9FA1-458E-B927-DB6C7392AEA7}.Release Unicode|Win32.ActiveCfg = Release|Any CPU
		{3956ED5D-9FA1-458E-B927-DB6C7392AEA7}.Release|Any CPU.ActiveCfg = Release|Any CPU
		{3956ED5D-9FA1-458E-B927-DB6C7392AEA7}.Release|Any CPU.Build.0 = Release|Any CPU
		{3956ED5D-9FA1-458E-B927-DB6C7392AEA7}.Release|Mixed Platforms.ActiveCfg = Release|Any CPU
		{3956ED5D-9FA1-458E-B927-DB6C7392AEA7}.Release|Mixed Platforms.Build.0 = Release|Any CPU
		{3956ED5D-9FA1-458E-B927-DB6C7392AEA7}.Release|Win32.ActiveCfg = Release|Any CPU
		{58B1BEFE-EB61-409D-A923-032EBF6BE7FA}.Debug Unicode|Any CPU.ActiveCfg = Debug Unicode|Win32
		{58B1BEFE-EB61-409D-A923-032EBF6BE7FA}.Debug Unicode|Mixed Platforms.ActiveCfg = Debug Unicode|Win32
		{58B1BEFE-EB61-409D-A923-032EBF6BE7FA}.Debug Unicode|Mixed Platforms.Build.0 = Debug Unicode|Win32
		{58B1BEFE-EB61-409D-A923-032EBF6BE7FA}.Debug Unicode|Win32.ActiveCfg = Debug Unicode|Win32
		{58B1BEFE-EB61-409D-A923-032EBF6BE7FA}.Debug Unicode|Win32.Build.0 = Debug Unicode|Win32
		{58B1BEFE-EB61-409D-A923-032EBF6BE7FA}.Debug|Any CPU.ActiveCfg = Debug|Win32
		{58B1BEFE-EB61-409D-A923-032EBF6BE7FA}.Debug|Mixed Platforms.ActiveCfg = Debug|Win32
		{58B1BEFE-EB61-409D-A923-032EBF6BE7FA}.Debug|Mixed Platforms.Build.0 = Debug|Win32
		{58B1BEFE-EB61-409D-A923-032EBF6BE7FA}.Debug|Win32.ActiveCfg = Debug|Win32
		{58B1BEFE-EB61-409D-A923-032EBF6BE7FA}.Debug|Win32.Build.0 = Debug|Win32
		{58B1BEFE-EB61-409D-A923-032EBF6BE7FA}.Release Unicode|Any CPU.ActiveCfg = Release Unicode|Win32
		{58B1BEFE-EB61-409D-A923-032EBF6BE7FA}.Release Unicode|Mixed Platforms.ActiveCfg = Release Unicode|Win32
		{58B1BEFE-EB61-409D-A923-032EBF6BE7FA}.Release Unicode|Mixed Platforms.Build.0 = Release Unicode|Win32
		{58B1BEFE-EB61-409D-A923-032EBF6BE7FA}.Release Unicode|Win32.ActiveCfg = Release Unicode|Win32
		{58B1BEFE-EB61-409D-A923-032EBF6BE7FA}.Release Unicode|Win32.Build.0 = Release Unicode|Win32
		{58B1BEFE-EB61-409D-A923-032EBF6BE7FA}.Release|Any CPU.ActiveCfg = Release|Win32
		{58B1BEFE-EB61-409D-A923-032EBF6BE7FA}.Release|Mixed Platforms.ActiveCfg = Release|Win32
		{58B1BEFE-EB61-409D-A923-032EBF6BE7FA}.Release|Mixed Platforms.Build.0 = Release|Win32
		{58B1BEFE-EB61-409D-A923-032EBF6BE7FA}.Release|Win32.ActiveCfg = Release|Win32
		{58B1BEFE-EB61-409D-A923-032EBF6BE7FA}.Release|Win32.Build.0 = Release|Win32
	EndGlobalSection
	GlobalSection(SolutionProperties) = preSolution
		HideSolutionNode = FALSE
	EndGlobalSection
EndGlobal
